{
  "name": "lion-lib",
  "version": "1.0.0",
  "lockfileVersion": 3,
  "requires": true,
  "license": "ISC",
  "main": "index.js",
  "packages": {
    "": {
      "name": "lion-lib",
      "version": "1.0.0",
      "license": "ISC"
    }
  },
  "scripts": {
    "test": "echo \"No tests specified\" && exit 0"
  }
}
